
Microsoft Visual Studio Solution File, Format Version 12.00
# Visual Studio 15
VisualStudioVersion = 15.0.27602.0
MinimumVisualStudioVersion = 10.0.40219.1
Project("{FAE04EC0-301F-11D3-BF4B-00C04F79EFBC}") = "MultiTfmWeb", "MultiTfmWeb\MultiTfmWeb.csproj", "{EFB3D170-1D92-414D-B5AE-299F712452CE}"
EndProject
Global
	GlobalSection(SolutionConfigurationPlatforms) = preSolution
		Debug|Any CPU = Debug|Any CPU
		Release|Any CPU = Release|Any CPU
	EndGlobalSection
	GlobalSection(ProjectConfigurationPlatforms) = postSolution
		{EFB3D170-1D92-414D-B5AE-299F712452CE}.Debug|Any CPU.ActiveCfg = Debug|Any CPU
		{EFB3D170-1D92-414D-B5AE-299F712452CE}.Debug|Any CPU.Build.0 = Debug|Any CPU
		{EFB3D170-1D92-414D-B5AE-299F712452CE}.Release|Any CPU.ActiveCfg = Release|Any CPU
		{EFB3D170-1D92-414D-B5AE-299F712452CE}.Release|Any CPU.Build.0 = Release|Any CPU
	EndGlobalSection
	GlobalSection(SolutionProperties) = preSolution
		HideSolutionNode = FALSE
	EndGlobalSection
	GlobalSection(ExtensibilityGlobals) = postSolution
		SolutionGuid = {78893196-C62B-4A66-8174-F205929B9F12}
	EndGlobalSection
EndGlobal
